dependencies:
- name: mysql
  repository: https://kubernetes-charts.storage.googleapis.com/
  version: 0.15.0
- name: redis
  repository: https://kubernetes-charts.storage.googleapis.com/
  version: 6.1.1
- name: kafka
  repository: https://kubernetes-charts-incubator.storage.googleapis.com/
  version: 0.13.9
digest: sha256:e4d4a9cebb4421d4df3655b1015dd9a4f922117673d3b032efb076451f33d3eb
generated: 2019-02-21T09:12:46.375002574Z
